
Microsoft Visual Studio Solution File, Format Version 12.00
# Visual Studio Version 17
VisualStudioVersion = 17.10.35027.167
MinimumVisualStudioVersion = 10.0.40219.1
Project("{FAE04EC0-301F-11D3-BF4B-00C04F79EFBC}") = "LibraryManagementSystem", "LibraryManagementSystem\LibraryManagementSystem.csproj", "{6534D729-6D50-441C-8E7A-09691CF03453}"
EndProject
Global
	GlobalSection(SolutionConfigurationPlatforms) = preSolution
		Debug|Any CPU = Debug|Any CPU
		Release|Any CPU = Release|Any CPU
	EndGlobalSection
	GlobalSection(ProjectConfigurationPlatforms) = postSolution
		{6534D729-6D50-441C-8E7A-09691CF03453}.Debug|Any CPU.ActiveCfg = Debug|Any CPU
		{6534D729-6D50-441C-8E7A-09691CF03453}.Debug|Any CPU.Build.0 = Debug|Any CPU
		{6534D729-6D50-441C-8E7A-09691CF03453}.Release|Any CPU.ActiveCfg = Release|Any CPU
		{6534D729-6D50-441C-8E7A-09691CF03453}.Release|Any CPU.Build.0 = Release|Any CPU
	EndGlobalSection
	GlobalSection(SolutionProperties) = preSolution
		HideSolutionNode = FALSE
	EndGlobalSection
	GlobalSection(ExtensibilityGlobals) = postSolution
		SolutionGuid = {4FBDF97B-397B-43C2-A260-03C145EE1D4C}
	EndGlobalSection
EndGlobal
